
Microsoft Visual Studio Solution File, Format Version 12.00
# Visual Studio 14
VisualStudioVersion = 14.0.24720.0
MinimumVisualStudioVersion = 10.0.40219.1
Project("{FAE04EC0-301F-11D3-BF4B-00C04F79EFBC}") = "grid example", "grid example\grid example.csproj", "{87350A03-2BDB-4180-B784-F4B6D198ABA6}"
EndProject
Project("{FAE04EC0-301F-11D3-BF4B-00C04F79EFBC}") = "stackpanel example", "stackpanel example\stackpanel example.csproj", "{7F3D5DCE-9DBE-4862-9795-37E598E662B0}"
EndProject
Project("{FAE04EC0-301F-11D3-BF4B-00C04F79EFBC}") = "relativepanel example", "relativepanel example\relativepanel example.csproj", "{A0668F51-DBFD-4323-8348-07E017115D85}"
EndProject
Project("{FAE04EC0-301F-11D3-BF4B-00C04F79EFBC}") = "Teht 0", "Teht 0\Teht 0.csproj", "{1C043CC5-BD4C-40A6-AB11-B9072D3198E5}"
EndProject
Project("{FAE04EC0-301F-11D3-BF4B-00C04F79EFBC}") = "Teht 1", "Teht 1\Teht 1.csproj", "{4B2F97FC-A5D6-46C1-89F9-CE653A6DFD00}"
EndProject
Global
	GlobalSection(SolutionConfigurationPlatforms) = preSolution
		Debug|ARM = Debug|ARM
		Debug|x64 = Debug|x64
		Debug|x86 = Debug|x86
		Release|ARM = Release|ARM
		Release|x64 = Release|x64
		Release|x86 = Release|x86
	EndGlobalSection
	GlobalSection(ProjectConfigurationPlatforms) = postSolution
		{87350A03-2BDB-4180-B784-F4B6D198ABA6}.Debug|ARM.ActiveCfg = Debug|ARM
		{87350A03-2BDB-4180-B784-F4B6D198ABA6}.Debug|ARM.Build.0 = Debug|ARM
		{87350A03-2BDB-4180-B784-F4B6D198ABA6}.Debug|ARM.Deploy.0 = Debug|ARM
		{87350A03-2BDB-4180-B784-F4B6D198ABA6}.Debug|x64.ActiveCfg = Debug|x64
		{87350A03-2BDB-4180-B784-F4B6D198ABA6}.Debug|x64.Build.0 = Debug|x64
		{87350A03-2BDB-4180-B784-F4B6D198ABA6}.Debug|x64.Deploy.0 = Debug|x64
		{87350A03-2BDB-4180-B784-F4B6D198ABA6}.Debug|x86.ActiveCfg = Debug|x86
		{87350A03-2BDB-4180-B784-F4B6D198ABA6}.Debug|x86.Build.0 = Debug|x86
		{87350A03-2BDB-4180-B784-F4B6D198ABA6}.Debug|x86.Deploy.0 = Debug|x86
		{87350A03-2BDB-4180-B784-F4B6D198ABA6}.Release|ARM.ActiveCfg = Release|ARM
		{87350A03-2BDB-4180-B784-F4B6D198ABA6}.Release|ARM.Build.0 = Release|ARM
		{87350A03-2BDB-4180-B784-F4B6D198ABA6}.Release|ARM.Deploy.0 = Release|ARM
		{87350A03-2BDB-4180-B784-F4B6D198ABA6}.Release|x64.ActiveCfg = Release|x64
		{87350A03-2BDB-4180-B784-F4B6D198ABA6}.Release|x64.Build.0 = Release|x64
		{87350A03-2BDB-4180-B784-F4B6D198ABA6}.Release|x64.Deploy.0 = Release|x64
		{87350A03-2BDB-4180-B784-F4B6D198ABA6}.Release|x86.ActiveCfg = Release|x86
		{87350A03-2BDB-4180-B784-F4B6D198ABA6}.Release|x86.Build.0 = Release|x86
		{87350A03-2BDB-4180-B784-F4B6D198ABA6}.Release|x86.Deploy.0 = Release|x86
		{7F3D5DCE-9DBE-4862-9795-37E598E662B0}.Debug|ARM.ActiveCfg = Debug|ARM
		{7F3D5DCE-9DBE-4862-9795-37E598E662B0}.Debug|ARM.Build.0 = Debug|ARM
		{7F3D5DCE-9DBE-4862-9795-37E598E662B0}.Debug|ARM.Deploy.0 = Debug|ARM
		{7F3D5DCE-9DBE-4862-9795-37E598E662B0}.Debug|x64.ActiveCfg = Debug|x64
		{7F3D5DCE-9DBE-4862-9795-37E598E662B0}.Debug|x64.Build.0 = Debug|x64
		{7F3D5DCE-9DBE-4862-9795-37E598E662B0}.Debug|x64.Deploy.0 = Debug|x64
		{7F3D5DCE-9DBE-4862-9795-37E598E662B0}.Debug|x86.ActiveCfg = Debug|x86
		{7F3D5DCE-9DBE-4862-9795-37E598E662B0}.Debug|x86.Build.0 = Debug|x86
		{7F3D5DCE-9DBE-4862-9795-37E598E662B0}.Debug|x86.Deploy.0 = Debug|x86
		{7F3D5DCE-9DBE-4862-9795-37E598E662B0}.Release|ARM.ActiveCfg = Release|ARM
		{7F3D5DCE-9DBE-4862-9795-37E598E662B0}.Release|ARM.Build.0 = Release|ARM
		{7F3D5DCE-9DBE-4862-9795-37E598E662B0}.Release|ARM.Deploy.0 = Release|ARM
		{7F3D5DCE-9DBE-4862-9795-37E598E662B0}.Release|x64.ActiveCfg = Release|x64
		{7F3D5DCE-9DBE-4862-9795-37E598E662B0}.Release|x64.Build.0 = Release|x64
		{7F3D5DCE-9DBE-4862-9795-37E598E662B0}.Release|x64.Deploy.0 = Release|x64
		{7F3D5DCE-9DBE-4862-9795-37E598E662B0}.Release|x86.ActiveCfg = Release|x86
		{7F3D5DCE-9DBE-4862-9795-37E598E662B0}.Release|x86.Build.0 = Release|x86
		{7F3D5DCE-9DBE-4862-9795-37E598E662B0}.Release|x86.Deploy.0 = Release|x86
		{A0668F51-DBFD-4323-8348-07E017115D85}.Debug|ARM.ActiveCfg = Debug|ARM
		{A0668F51-DBFD-4323-8348-07E017115D85}.Debug|ARM.Build.0 = Debug|ARM
		{A0668F51-DBFD-4323-8348-07E017115D85}.Debug|ARM.Deploy.0 = Debug|ARM
		{A0668F51-DBFD-4323-8348-07E017115D85}.Debug|x64.ActiveCfg = Debug|x64
		{A0668F51-DBFD-4323-8348-07E017115D85}.Debug|x64.Build.0 = Debug|x64
		{A0668F51-DBFD-4323-8348-07E017115D85}.Debug|x64.Deploy.0 = Debug|x64
		{A0668F51-DBFD-4323-8348-07E017115D85}.Debug|x86.ActiveCfg = Debug|x86
		{A0668F51-DBFD-4323-8348-07E017115D85}.Debug|x86.Build.0 = Debug|x86
		{A0668F51-DBFD-4323-8348-07E017115D85}.Debug|x86.Deploy.0 = Debug|x86
		{A0668F51-DBFD-4323-8348-07E017115D85}.Release|ARM.ActiveCfg = Release|ARM
		{A0668F51-DBFD-4323-8348-07E017115D85}.Release|ARM.Build.0 = Release|ARM
		{A0668F51-DBFD-4323-8348-07E017115D85}.Release|ARM.Deploy.0 = Release|ARM
		{A0668F51-DBFD-4323-8348-07E017115D85}.Release|x64.ActiveCfg = Release|x64
		{A0668F51-DBFD-4323-8348-07E017115D85}.Release|x64.Build.0 = Release|x64
		{A0668F51-DBFD-4323-8348-07E017115D85}.Release|x64.Deploy.0 = Release|x64
		{A0668F51-DBFD-4323-8348-07E017115D85}.Release|x86.ActiveCfg = Release|x86
		{A0668F51-DBFD-4323-8348-07E017115D85}.Release|x86.Build.0 = Release|x86
		{A0668F51-DBFD-4323-8348-07E017115D85}.Release|x86.Deploy.0 = Release|x86
		{1C043CC5-BD4C-40A6-AB11-B9072D3198E5}.Debug|ARM.ActiveCfg = Debug|ARM
		{1C043CC5-BD4C-40A6-AB11-B9072D3198E5}.Debug|ARM.Build.0 = Debug|ARM
		{1C043CC5-BD4C-40A6-AB11-B9072D3198E5}.Debug|ARM.Deploy.0 = Debug|ARM
		{1C043CC5-BD4C-40A6-AB11-B9072D3198E5}.Debug|x64.ActiveCfg = Debug|x64
		{1C043CC5-BD4C-40A6-AB11-B9072D3198E5}.Debug|x64.Build.0 = Debug|x64
		{1C043CC5-BD4C-40A6-AB11-B9072D3198E5}.Debug|x64.Deploy.0 = Debug|x64
		{1C043CC5-BD4C-40A6-AB11-B9072D3198E5}.Debug|x86.ActiveCfg = Debug|x86
		{1C043CC5-BD4C-40A6-AB11-B9072D3198E5}.Debug|x86.Build.0 = Debug|x86
		{1C043CC5-BD4C-40A6-AB11-B9072D3198E5}.Debug|x86.Deploy.0 = Debug|x86
		{1C043CC5-BD4C-40A6-AB11-B9072D3198E5}.Release|ARM.ActiveCfg = Release|ARM
		{1C043CC5-BD4C-40A6-AB11-B9072D3198E5}.Release|ARM.Build.0 = Release|ARM
		{1C043CC5-BD4C-40A6-AB11-B9072D3198E5}.Release|ARM.Deploy.0 = Release|ARM
		{1C043CC5-BD4C-40A6-AB11-B9072D3198E5}.Release|x64.ActiveCfg = Release|x64
		{1C043CC5-BD4C-40A6-AB11-B9072D3198E5}.Release|x64.Build.0 = Release|x64
		{1C043CC5-BD4C-40A6-AB11-B9072D3198E5}.Release|x64.Deploy.0 = Release|x64
		{1C043CC5-BD4C-40A6-AB11-B9072D3198E5}.Release|x86.ActiveCfg = Release|x86
		{1C043CC5-BD4C-40A6-AB11-B9072D3198E5}.Release|x86.Build.0 = Release|x86
		{1C043CC5-BD4C-40A6-AB11-B9072D3198E5}.Release|x86.Deploy.0 = Release|x86
		{4B2F97FC-A5D6-46C1-89F9-CE653A6DFD00}.Debug|ARM.ActiveCfg = Debug|ARM
		{4B2F97FC-A5D6-46C1-89F9-CE653A6DFD00}.Debug|ARM.Build.0 = Debug|ARM
		{4B2F97FC-A5D6-46C1-89F9-CE653A6DFD00}.Debug|ARM.Deploy.0 = Debug|ARM
		{4B2F97FC-A5D6-46C1-89F9-CE653A6DFD00}.Debug|x64.ActiveCfg = Debug|x64
		{4B2F97FC-A5D6-46C1-89F9-CE653A6DFD00}.Debug|x64.Build.0 = Debug|x64
		{4B2F97FC-A5D6-46C1-89F9-CE653A6DFD00}.Debug|x64.Deploy.0 = Debug|x64
		{4B2F97FC-A5D6-46C1-89F9-CE653A6DFD00}.Debug|x86.ActiveCfg = Debug|x86
		{4B2F97FC-A5D6-46C1-89F9-CE653A6DFD00}.Debug|x86.Build.0 = Debug|x86
		{4B2F97FC-A5D6-46C1-89F9-CE653A6DFD00}.Debug|x86.Deploy.0 = Debug|x86
		{4B2F97FC-A5D6-46C1-89F9-CE653A6DFD00}.Release|ARM.ActiveCfg = Release|ARM
		{4B2F97FC-A5D6-46C1-89F9-CE653A6DFD00}.Release|ARM.Build.0 = Release|ARM
		{4B2F97FC-A5D6-46C1-89F9-CE653A6DFD00}.Release|ARM.Deploy.0 = Release|ARM
		{4B2F97FC-A5D6-46C1-89F9-CE653A6DFD00}.Release|x64.ActiveCfg = Release|x64
		{4B2F97FC-A5D6-46C1-89F9-CE653A6DFD00}.Release|x64.Build.0 = Release|x64
		{4B2F97FC-A5D6-46C1-89F9-CE653A6DFD00}.Release|x64.Deploy.0 = Release|x64
		{4B2F97FC-A5D6-46C1-89F9-CE653A6DFD00}.Release|x86.ActiveCfg = Release|x86
		{4B2F97FC-A5D6-46C1-89F9-CE653A6DFD00}.Release|x86.Build.0 = Release|x86
		{4B2F97FC-A5D6-46C1-89F9-CE653A6DFD00}.Release|x86.Deploy.0 = Release|x86
	EndGlobalSection
	GlobalSection(SolutionProperties) = preSolution
		HideSolutionNode = FALSE
	EndGlobalSection
EndGlobal
